# THIS IS AN AUTOGENERATED FILE. DO NOT EDIT THIS FILE DIRECTLY.
# yarn lockfile v1


"@babel/runtime@7.9.6":
  version "7.9.6"
  resolved "https://registry.yarnpkg.com/@babel/runtime/-/runtime-7.9.6.tgz#a9102eb5cadedf3f31d08a9ecf294af7827ea29f"
  integrity sha512-64AF1xY3OAkFHqOb9s4jpgk1Mm5vDZ4L3acHvAml+53nO1XbXLuDodsVpO4OIUsmemlUHMxNdYMNJmsvOwLrvQ==
  dependencies:
    regenerator-runtime "^0.13.4"

"@babel/runtime@^7.5.5", "@babel/runtime@^7.6.2", "@babel/runtime@^7.8.7":
  version "7.20.1"
  resolved "https://registry.yarnpkg.com/@babel/runtime/-/runtime-7.20.1.tgz#1148bb33ab252b165a06698fde7576092a78b4a9"
  integrity sha512-mrzLkl6U9YLF8qpqI7TB82PESyEGjm/0Ly91jG575eVxMMlb8fYfOXFZIJ8XfLrJZQbm7dlKry2bJmXBUEkdFg==
  dependencies:
    regenerator-runtime "^0.13.10"

"@formatjs/ecma402-abstract@1.13.0":
  version "1.13.0"
  resolved "https://registry.yarnpkg.com/@formatjs/ecma402-abstract/-/ecma402-abstract-1.13.0.tgz#df6db3cbee0182bbd2fd6217103781c802aee819"
  integrity sha512-CQ8Ykd51jYD1n05dtoX6ns6B9n/+6ZAxnWUAonvHC4kkuAemROYBhHkEB4tm1uVrRlE7gLDqXkAnY51Y0pRCWQ==
  dependencies:
    "@formatjs/intl-localematcher" "0.2.31"
    tslib "2.4.0"

"@formatjs/fast-memoize@1.2.6":
  version "1.2.6"
  resolved "https://registry.yarnpkg.com/@formatjs/fast-memoize/-/fast-memoize-1.2.6.tgz#a442970db7e9634af556919343261a7bbe5e88c3"
  integrity sha512-9CWZ3+wCkClKHX+i5j+NyoBVqGf0pIskTo6Xl6ihGokYM2yqSSS68JIgeo+99UIHc+7vi9L3/SDSz/dWI9SNlA==
  dependencies:
    tslib "2.4.0"

"@formatjs/icu-messageformat-parser@2.1.10":
  version "2.1.10"
  resolved "https://registry.yarnpkg.com/@formatjs/icu-messageformat-parser/-/icu-messageformat-parser-2.1.10.tgz#d11114343fcb4c6d5ccabdeac50badf49c83fd9e"
  integrity sha512-KkRMxhifWkRC45dhM9tqm0GXbb6NPYTGVYY3xx891IKc6p++DQrZTnmkVSNNO47OEERLfuP2KkPFPJBuu8z/wg==
  dependencies:
    "@formatjs/ecma402-abstract" "1.13.0"
    "@formatjs/icu-skeleton-parser" "1.3.14"
    tslib "2.4.0"

"@formatjs/icu-skeleton-parser@1.3.14":
  version "1.3.14"
  resolved "https://registry.yarnpkg.com/@formatjs/icu-skeleton-parser/-/icu-skeleton-parser-1.3.14.tgz#b99ef7f855f8a58cab2519ec4f921f11c2bf74a7"
  integrity sha512-7bv60HQQcBb3+TSj+45tOb/CHV5z1hOpwdtS50jsSBXfB+YpGhnoRsZxSRksXeCxMy6xn6tA6VY2601BrrK+OA==
  dependencies:
    "@formatjs/ecma402-abstract" "1.13.0"
    tslib "2.4.0"

"@formatjs/intl-localematcher@0.2.31":
  version "0.2.31"
  resolved "https://registry.yarnpkg.com/@formatjs/intl-localematcher/-/intl-localematcher-0.2.31.tgz#aada2b1e58211460cedba56889e3c489117eb6eb"
  integrity sha512-9QTjdSBpQ7wHShZgsNzNig5qT3rCPvmZogS/wXZzKotns5skbXgs0I7J8cuN0PPqXyynvNVuN+iOKhNS2eb+ZA==
  dependencies:
    tslib "2.4.0"

"@internationalized/date@3.0.0-rc.1":
  version "3.0.0-rc.1"
  resolved "https://registry.yarnpkg.com/@internationalized/date/-/date-3.0.0-rc.1.tgz#828f79517249ac65982ec760205089a98ec56555"
  integrity sha512-IHc1NqUTA/fo9nf0pwRXrMjrabJ/9vTw5RIFAF3qS8JsdEGnw3dIyDb/+ipjEEqZyHVHHXwnqD8hKM18gGoWTg==
  dependencies:
    "@babel/runtime" "^7.6.2"

"@internationalized/date@^3.0.1":
  version "3.0.1"
  resolved "https://registry.yarnpkg.com/@internationalized/date/-/date-3.0.1.tgz#66332e9ca8f59b7be010ca65d946bca430ba4b66"
  integrity sha512-E/3lASs4mAeJ2Z2ye6ab7eUD0bPUfTeNVTAv6IS+ne9UtMu9Uepb9A1U2Ae0hDr6WAlBuvUtrakaxEdYB9TV6Q==
  dependencies:
    "@babel/runtime" "^7.6.2"

"@internationalized/message@^3.0.7", "@internationalized/message@^3.0.9":
  version "3.0.9"
  resolved "https://registry.yarnpkg.com/@internationalized/message/-/message-3.0.9.tgz#52bc20debe5296375d66ffcf56c3df5d8118a37d"
  integrity sha512-yHQggKWUuSvj1GznVtie4tcYq+xMrkd/lTKCFHp6gG18KbIliDw+UI7sL9+yJPGuWiR083xuLyyhzqiPbNOEww==
  dependencies:
    "@babel/runtime" "^7.6.2"
    intl-messageformat "^10.1.0"

"@internationalized/number@^3.1.1":
  version "3.1.1"
  resolved "https://registry.yarnpkg.com/@internationalized/number/-/number-3.1.1.tgz#160584316741de4381689ab759001603ee17b595"
  integrity sha512-dBxCQKIxvsZvW2IBt3KsqrCfaw2nV6o6a8xsloJn/hjW0ayeyhKuiiMtTwW3/WGNPP7ZRyDbtuiUEjMwif1ENQ==
  dependencies:
    "@babel/runtime" "^7.6.2"

"@internationalized/string@^3.0.0":
  version "3.0.0"
  resolved "https://registry.yarnpkg.com/@internationalized/string/-/string-3.0.0.tgz#de563871e1b19e4d0ce3246ec18d25da1a73db73"
  integrity sha512-NUSr4u+mNu5BysXFeVWZW4kvjXylPkU/YYqaWzdNuz1eABfehFiZTEYhWAAMzI3U8DTxfqF9PM3zyhk5gcfz6w==
  dependencies:
    "@babel/runtime" "^7.6.2"

"@next/env@13.0.2":
  version "13.0.2"
  resolved "https://registry.yarnpkg.com/@next/env/-/env-13.0.2.tgz#5fbd7b4146175ae406edfb4a38b62de8c880c09d"
  integrity sha512-Qb6WPuRriGIQ19qd6NBxpcrFOfj8ziN7l9eZUfwff5gl4zLXluqtuZPddYZM/oWjN53ZYcuRXzL+oowKyJeYtA==

"@next/swc-android-arm-eabi@13.0.2":
  version "13.0.2"
  resolved "https://registry.yarnpkg.com/@next/swc-android-arm-eabi/-/swc-android-arm-eabi-13.0.2.tgz#66669b8aab5062f554b8e9905d855679aabf0342"
  integrity sha512-X54UQCTFyOGnJP//Z71dPPlp4BCYcQL2ncikKXQcPzVpqPs4C3m+tKC8ivBNH6edAXkppwsLRz1/yQwgSZ9Swg==

"@next/swc-android-arm64@13.0.2":
  version "13.0.2"
  resolved "https://registry.yarnpkg.com/@next/swc-android-arm64/-/swc-android-arm64-13.0.2.tgz#c0641d30525e0fb22bf1e2baf6c461d2d9e52f1a"
  integrity sha512-1P00Kv8uKaLubqo7JzPrTqgFAzSOmfb8iwqJrOb9in5IvTRtNGlkR4hU0sXzqbQNM/+SaYxze6Z5ry1IDyb/cQ==

"@next/swc-darwin-arm64@13.0.2":
  version "13.0.2"
  resolved "https://registry.yarnpkg.com/@next/swc-darwin-arm64/-/swc-darwin-arm64-13.0.2.tgz#d7e01a33393e83456dbfdc41446bb8a923968ff7"
  integrity sha512-1zGIOkInkOLRv0QQGZ+3wffYsyKI4vIy62LYTvDWUn7TAYqnmXwougp9NSLqDeagLwgsv2URrykyAFixA/YqxA==

"@next/swc-darwin-x64@13.0.2":
  version "13.0.2"
  resolved "https://registry.yarnpkg.com/@next/swc-darwin-x64/-/swc-darwin-x64-13.0.2.tgz#d4a3fbe51edf871a675d89a7afdc78174d1e5841"
  integrity sha512-ECDAjoMP1Y90cARaelS6X+k6BQx+MikAYJ8f/eaJrLur44NIOYc9HA/dgcTp5jenguY4yT8V+HCquLjAVle6fA==

"@next/swc-freebsd-x64@13.0.2":
  version "13.0.2"
  resolved "https://registry.yarnpkg.com/@next/swc-freebsd-x64/-/swc-freebsd-x64-13.0.2.tgz#1b54c3f38d3b36f86663a8dfcc81ea05e01f5172"
  integrity sha512-2DcL/ofQdBnQX3IoI9sjlIAyLCD1oZoUBuhrhWbejvBQjutWrI0JTEv9uG69WcxWhVMm3BCsjv8GK2/68OKp7A==

"@next/swc-linux-arm-gnueabihf@13.0.2":
  version "13.0.2"
  resolved "https://registry.yarnpkg.com/@next/swc-linux-arm-gnueabihf/-/swc-linux-arm-gnueabihf-13.0.2.tgz#18495cff32c0b2182cfbf677614219d7072214da"
  integrity sha512-Y3OQF1CSBSWW2vGkmvOIuOUNqOq8qX7f1ZpcKUVWP3/Uq++DZmVi9d18lgnSe1I3QFqc+nXWyun9ljsN83j0sw==

"@next/swc-linux-arm64-gnu@13.0.2":
  version "13.0.2"
  resolved "https://registry.yarnpkg.com/@next/swc-linux-arm64-gnu/-/swc-linux-arm64-gnu-13.0.2.tgz#5fb2563651166c3c6f32bf9e2f9cc6a16a9ef783"
  integrity sha512-mNyzwsFF6kwZYEjnGicx9ksDZYEZvyzEc1BtCu8vdZi/v8UeixQwCiAT6FyYX9uxMPEkzk8qiU0t0u9gvltsKw==

"@next/swc-linux-arm64-musl@13.0.2":
  version "13.0.2"
  resolved "https://registry.yarnpkg.com/@next/swc-linux-arm64-musl/-/swc-linux-arm64-musl-13.0.2.tgz#b9f33c5e17cfe04aa5769b717284cf80865761e6"
  integrity sha512-M6SdYjWgRrY3tJBxz0663zCRPTu5BRONmxlftKWWHv9LjAJ59neTLaGj4rp0A08DkJglZIoCkLOzLrzST6TGag==

"@next/swc-linux-x64-gnu@13.0.2":
  version "13.0.2"
  resolved "https://registry.yarnpkg.com/@next/swc-linux-x64-gnu/-/swc-linux-x64-gnu-13.0.2.tgz#29efcc2fd0122689d7e06c5b6b0883fe495db2bf"
  integrity sha512-pi63RoxvG4ES1KS06Zpm0MATVIXTs/TIbLbdckeLoM40u1d3mQl/+hSSrLRSxzc2OtyL8fh92sM4gkJrQXAMAw==

"@next/swc-linux-x64-musl@13.0.2":
  version "13.0.2"
  resolved "https://registry.yarnpkg.com/@next/swc-linux-x64-musl/-/swc-linux-x64-musl-13.0.2.tgz#d68fdf6eefc57813fa91559c7089b49d6131ecab"
  integrity sha512-9Pv91gfYnDONgjtRm78n64b/c54+azeHtlnqBLTnIFWSMBDRl1/WDkhKWIj3fBGPLimtK7Tko3ULR3og9RRUPw==

"@next/swc-win32-arm64-msvc@13.0.2":
  version "13.0.2"
  resolved "https://registry.yarnpkg.com/@next/swc-win32-arm64-msvc/-/swc-win32-arm64-msvc-13.0.2.tgz#acdcb3023045f60cca510f659a2349895e6405bd"
  integrity sha512-Nvewe6YZaizAkGHHprbMkYqQulBjZCHKBGKeFPwoPtOA+a2Qi4pZzc/qXFyC5/2A6Z0mr2U1zg9rd04WBYMwBw==

"@next/swc-win32-ia32-msvc@13.0.2":
  version "13.0.2"
  resolved "https://registry.yarnpkg.com/@next/swc-win32-ia32-msvc/-/swc-win32-ia32-msvc-13.0.2.tgz#a78ee9211471768febac9df915c2a8dbbcd05e41"
  integrity sha512-ZUBYGZw5G3QrqDpRq1EWi3aHmvPZM8ijK5TFL6UbH16cYQ0JpANmuG2P66KB93Qe/lWWzbeAZk/tj1XqwoCuPA==

"@next/swc-win32-x64-msvc@13.0.2":
  version "13.0.2"
  resolved "https://registry.yarnpkg.com/@next/swc-win32-x64-msvc/-/swc-win32-x64-msvc-13.0.2.tgz#e86c2de910cd68a17974db5556d4588737412c68"
  integrity sha512-fA9uW1dm7C0mEYGcKlbmLcVm2sKcye+1kPxh2cM4jVR+kQQMtHWsjIzeSpe2grQLSDan06z4n6hbr8b1c3hA8w==

"@nextui-org/react@1.0.0-beta.9":
  version "1.0.0-beta.9"
  resolved "https://registry.yarnpkg.com/@nextui-org/react/-/react-1.0.0-beta.9.tgz#e91b48abdc0f360e94e9e9784e1ac17c0c44f892"
  integrity sha512-V8SmkdcCKcPZsF2BWV2rXi2e4Q+5c8r3G1QjvIhyRdm81xicbZFMzIga0KMrccj8lshDSoa8pErxQdnzosjyTg==
  dependencies:
    "@babel/runtime" "7.9.6"
    "@react-aria/button" "3.5.0"
    "@react-aria/checkbox" "3.4.0"
    "@react-aria/dialog" "3.2.0"
    "@react-aria/focus" "3.6.0"
    "@react-aria/i18n" "3.4.0"
    "@react-aria/interactions" "3.9.0"
    "@react-aria/label" "3.3.0"
    "@react-aria/menu" "3.5.0"
    "@react-aria/overlays" "3.9.0"
    "@react-aria/radio" "3.2.0"
    "@react-aria/ssr" "3.2.0"
    "@react-aria/table" "3.3.0"
    "@react-aria/utils" "3.13.0"
    "@react-aria/visually-hidden" "3.3.0"
    "@react-stately/checkbox" "3.1.0"
    "@react-stately/data" "3.5.0"
    "@react-stately/overlays" "3.3.0"
    "@react-stately/radio" "3.4.0"
    "@react-stately/table" "3.2.0"
    "@react-stately/toggle" "3.3.0"
    "@react-stately/tree" "3.3.0"
    "@react-types/button" "^3.5.0"
    "@react-types/checkbox" "3.3.0"
    "@react-types/grid" "3.1.0"
    "@react-types/menu" "3.6.0"
    "@react-types/overlays" "3.6.0"
    "@react-types/shared" "3.13.0"
    "@stitches/react" "1.2.8"

"@react-aria/button@3.5.0":
  version "3.5.0"
  resolved "https://registry.yarnpkg.com/@react-aria/button/-/button-3.5.0.tgz#8b27d0bca98ccd6cd1999e3c21a89f907eafcfda"
  integrity sha512-S15W77YemT5g8jNHr8QpIHqT242TxpiBwzj3D0HsQFKoTEb5uXoNAIqZinDjhmbl4ovx2s7h/XevqDNEzvjAtw==
  dependencies:
    "@babel/runtime" "^7.6.2"
    "@react-aria/focus" "^3.6.0"
    "@react-aria/interactions" "^3.9.0"
    "@react-aria/utils" "^3.13.0"
    "@react-stately/toggle" "^3.3.0"
    "@react-types/button" "^3.5.0"

"@react-aria/checkbox@3.4.0":
  version "3.4.0"
  resolved "https://registry.yarnpkg.com/@react-aria/checkbox/-/checkbox-3.4.0.tgz#d6ac125c0d91c22052d14e12f153a840d4b265a6"
  integrity sha512-G1lxa7Glb0HWOjPyA4bYx8n3vAPGF7GKpZ7E4wGnMt3UQfslHavhEmtFyplt3l0f4OkhV8E/yr8SXnNb0cZDLQ==
  dependencies:
    "@babel/runtime" "^7.6.2"
    "@react-aria/label" "^3.3.0"
    "@react-aria/toggle" "^3.3.0"
    "@react-aria/utils" "^3.13.0"
    "@react-stately/checkbox" "^3.1.0"
    "@react-stately/toggle" "^3.3.0"
    "@react-types/checkbox" "^3.3.0"

"@react-aria/dialog@3.2.0":
  version "3.2.0"
  resolved "https://registry.yarnpkg.com/@react-aria/dialog/-/dialog-3.2.0.tgz#065bcf2eb2afe3bdb199580a951960a182eb317e"
  integrity sha512-ScjjfpNw9cvznuGjG+Q15U6wvLkwF++0NbE7v9PILWp1Vs3UHFyKJ7VrxUiDuG20rM3gfTYP8hi55CjwY7wbNA==
  dependencies:
    "@babel/runtime" "^7.6.2"
    "@react-aria/focus" "^3.6.0"
    "@react-aria/utils" "^3.13.0"
    "@react-stately/overlays" "^3.3.0"
    "@react-types/dialog" "^3.4.0"

"@react-aria/focus@3.6.0":
  version "3.6.0"
  resolved "https://registry.yarnpkg.com/@react-aria/focus/-/focus-3.6.0.tgz#45ff8aeaad3b594df54699ea3ea78296cb73fb5b"
  integrity sha512-1XuwDvhrmLcNnYHBFzwmZOoXuxkybRc8MUhiGLYRD1aVX1h9GarglYo9sfbGZNRO5jxMptXjtJv2rdWz1mHmQw==
  dependencies:
    "@babel/runtime" "^7.6.2"
    "@react-aria/interactions" "^3.9.0"
    "@react-aria/utils" "^3.13.0"
    "@react-types/shared" "^3.13.0"
    clsx "^1.1.1"

"@react-aria/focus@^3.6.0", "@react-aria/focus@^3.9.0":
  version "3.9.0"
  resolved "https://registry.yarnpkg.com/@react-aria/focus/-/focus-3.9.0.tgz#fa4478eebdc3c199a0529470f1d7b36608ef0d10"
  integrity sha512-DwesjEjWjFfwAwzv9qeqkyKZNPAYmPa3UrygxzmXeKEg2JpaACGZPxRcmT2EFJFEDbX8daQDEeRGyLO49o5agg==
  dependencies:
    "@babel/runtime" "^7.6.2"
    "@react-aria/interactions" "^3.12.0"
    "@react-aria/utils" "^3.14.0"
    "@react-types/shared" "^3.15.0"
    clsx "^1.1.1"

"@react-aria/grid@^3.3.0":
  version "3.5.0"
  resolved "https://registry.yarnpkg.com/@react-aria/grid/-/grid-3.5.0.tgz#8f6c37b316c266802e2f2054877f4eb586de6f24"
  integrity sha512-Kz92WIu8Ef55JeO0TUv58jKF5qRH0a8iuYwBeonfaRlHPFUd0jymcU7PJnm80RRpsG17FMshTGewo5ko3khDfA==
  dependencies:
    "@babel/runtime" "^7.6.2"
    "@react-aria/focus" "^3.9.0"
    "@react-aria/i18n" "^3.6.1"
    "@react-aria/interactions" "^3.12.0"
    "@react-aria/live-announcer" "^3.1.1"
    "@react-aria/selection" "^3.11.0"
    "@react-aria/utils" "^3.14.0"
    "@react-stately/grid" "^3.4.0"
    "@react-stately/selection" "^3.11.0"
    "@react-stately/virtualizer" "^3.3.1"
    "@react-types/checkbox" "^3.4.0"
    "@react-types/grid" "^3.1.4"
    "@react-types/shared" "^3.15.0"

"@react-aria/i18n@3.4.0":
  version "3.4.0"
  resolved "https://registry.yarnpkg.com/@react-aria/i18n/-/i18n-3.4.0.tgz#7ee8c468ce85b959ecef90e403332cbbc1ab9d01"
  integrity sha512-2pU13zT9bgD4eMlqfJ/Um2wjYRS7ORvR0jqGSfNzY9Lx+1IeSCqTkBNubT7bCV+Oc0LMUR93fGRDxfdtMyJCog==
  dependencies:
    "@babel/runtime" "^7.6.2"
    "@internationalized/date" "3.0.0-rc.1"
    "@internationalized/message" "^3.0.7"
    "@internationalized/number" "^3.1.1"
    "@react-aria/ssr" "^3.2.0"
    "@react-aria/utils" "^3.13.0"
    "@react-types/shared" "^3.13.0"

"@react-aria/i18n@^3.4.0", "@react-aria/i18n@^3.6.1":
  version "3.6.1"
  resolved "https://registry.yarnpkg.com/@react-aria/i18n/-/i18n-3.6.1.tgz#b97e78e3ec040a5ca08d166033f2d358ef1af4c5"
  integrity sha512-kAetWsj9HOqwaqLhmFU2udhZ+4QGGYkQOgGBJYdrB7GfLZQ1GPBlZjv3QFdkX4oSf/k9cFqgftxvVQQDYZLOew==
  dependencies:
    "@babel/runtime" "^7.6.2"
    "@internationalized/date" "^3.0.1"
    "@internationalized/message" "^3.0.9"
    "@internationalized/number" "^3.1.1"
    "@internationalized/string" "^3.0.0"
    "@react-aria/ssr" "^3.3.0"
    "@react-aria/utils" "^3.14.0"
    "@react-types/shared" "^3.15.0"

"@react-aria/interactions@3.9.0":
  version "3.9.0"
  resolved "https://registry.yarnpkg.com/@react-aria/interactions/-/interactions-3.9.0.tgz#cf15a1ba1402c2fc52d0c97aa7ccffa78204d166"
  integrity sha512-tf9vJtHf7DSnj4e/q19hoO5h61xb0qxNXUkOwaVwU1XlaA+eh+Qas2RF0GIMARLj+JhGX9y2nLjw3FK8F+pItQ==
  dependencies:
    "@babel/runtime" "^7.6.2"
    "@react-aria/utils" "^3.13.0"
    "@react-types/shared" "^3.13.0"

"@react-aria/interactions@^3.12.0", "@react-aria/interactions@^3.9.0":
  version "3.12.0"
  resolved "https://registry.yarnpkg.com/@react-aria/interactions/-/interactions-3.12.0.tgz#b16a392c3dc23351c8fd33a16cef0ef93dc4682d"
  integrity sha512-KcKurjPZwme9ggvGQjbjqZtZtuyXipTBVMHUah9a3+Dz7vXxhRg5vFaEdM79oQnNsrGFW5xS6SKBehl/JG6BMw==
  dependencies:
    "@babel/runtime" "^7.6.2"
    "@react-aria/utils" "^3.14.0"
    "@react-types/shared" "^3.15.0"

"@react-aria/label@3.3.0":
  version "3.3.0"
  resolved "https://registry.yarnpkg.com/@react-aria/label/-/label-3.3.0.tgz#1a687c6b70d4bca4992433c97974b41df9f4dad4"
  integrity sha512-E8vOEWv04xGasDigbNtB0JOcq5ZLyPEbbOFSa5VgB7LfXu3i+82ZSAjTA1OtZwOc6MiiXRs5BuKx5HgiZn3HHA==
  dependencies:
    "@babel/runtime" "^7.6.2"
    "@react-aria/utils" "^3.13.0"
    "@react-types/label" "^3.6.0"
    "@react-types/shared" "^3.13.0"

"@react-aria/label@^3.3.0":
  version "3.4.2"
  resolved "https://registry.yarnpkg.com/@react-aria/label/-/label-3.4.2.tgz#c66761891aa7aabe1893608f367c1bab0b8b2d28"
  integrity sha512-ctygLrA4yY31440UMZdw21Iz4ogXupLJB5xpTU1KFXcvybSu+H3gvVCOJu1jFwR12bTKnkVogTWT6wwVYH2nFw==
  dependencies:
    "@babel/runtime" "^7.6.2"
    "@react-aria/utils" "^3.14.0"
    "@react-types/label" "^3.7.0"
    "@react-types/shared" "^3.15.0"

"@react-aria/live-announcer@^3.1.0", "@react-aria/live-announcer@^3.1.1":
  version "3.1.1"
  resolved "https://registry.yarnpkg.com/@react-aria/live-announcer/-/live-announcer-3.1.1.tgz#40f340f6794fca42682fb308fe750ff56bf7c07f"
  integrity sha512-e7b+dRh1SUTla42vzjdbhGYkeLD7E6wIYjYaHW9zZ37rBkSqLHUhTigh3eT3k5NxFlDD/uRxTYuwaFnWQgR+4g==
  dependencies:
    "@babel/runtime" "^7.6.2"

"@react-aria/menu@3.5.0":
  version "3.5.0"
  resolved "https://registry.yarnpkg.com/@react-aria/menu/-/menu-3.5.0.tgz#0505b8e11c27c4150454f17f6e09d7c2f186638d"
  integrity sha512-Y5L9ESVnTG2eUOmLk33oQEl5UEK/hCw50udOEqjPBgOVv4drIr8sc4ZcoB0U6IVVKbLHEskhW/ExqlJd6GSACQ==
  dependencies:
    "@babel/runtime" "^7.6.2"
    "@react-aria/i18n" "^3.4.0"
    "@react-aria/interactions" "^3.9.0"
    "@react-aria/overlays" "^3.9.0"
    "@react-aria/selection" "^3.9.0"
    "@react-aria/utils" "^3.13.0"
    "@react-stately/collections" "^3.4.0"
    "@react-stately/menu" "^3.3.0"
    "@react-stately/tree" "^3.3.0"
    "@react-types/button" "^3.5.0"
    "@react-types/menu" "^3.6.0"
    "@react-types/shared" "^3.13.0"

"@react-aria/overlays@3.9.0":
  version "3.9.0"
  resolved "https://registry.yarnpkg.com/@react-aria/overlays/-/overlays-3.9.0.tgz#950a9025e8d4086ce3840a97c52d0eb21d9c85c1"
  integrity sha512-YeZ+/0yfBAcqhuRF/Aas5ga9rZWff3EkhisEy1yXjOrf5veedqb05CsyjRkefZzmUeUggfq/AmqX0DJBlZFbxg==
  dependencies:
    "@babel/runtime" "^7.6.2"
    "@react-aria/i18n" "^3.4.0"
    "@react-aria/interactions" "^3.9.0"
    "@react-aria/utils" "^3.13.0"
    "@react-aria/visually-hidden" "^3.3.0"
    "@react-stately/overlays" "^3.3.0"
    "@react-types/button" "^3.5.0"
    "@react-types/overlays" "^3.6.0"
    "@react-types/shared" "^3.13.0"
    dom-helpers "^5.2.1"
    react-transition-group "^4.4.2"

"@react-aria/overlays@^3.9.0":
  version "3.11.0"
  resolved "https://registry.yarnpkg.com/@react-aria/overlays/-/overlays-3.11.0.tgz#9ecab7fbaf88b7c315215d55a3eb1ae1aa5b78f2"
  integrity sha512-NqLqxSiEW9AuUPcEHCIp2lHH1moNxlkP0CkuUMkT2/T5MCPm/Iq+uD53VSR+NyeCWU/aGH3ykj2kq9NSITJkOA==
  dependencies:
    "@babel/runtime" "^7.6.2"
    "@react-aria/focus" "^3.9.0"
    "@react-aria/i18n" "^3.6.1"
    "@react-aria/interactions" "^3.12.0"
    "@react-aria/ssr" "^3.3.0"
    "@react-aria/utils" "^3.14.0"
    "@react-aria/visually-hidden" "^3.5.0"
    "@react-stately/overlays" "^3.4.2"
    "@react-types/button" "^3.6.2"
    "@react-types/overlays" "^3.6.4"
    "@react-types/shared" "^3.15.0"

"@react-aria/radio@3.2.0":
  version "3.2.0"
  resolved "https://registry.yarnpkg.com/@react-aria/radio/-/radio-3.2.0.tgz#f7f900ba78b160b09162f0c833bcebd3c3222eb0"
  integrity sha512-siJmgPckrc29W7dt1g9P2w6wNHMIVKaBSJfP3uQ3qTJcDdTF4sTcK+cre+2peuWrHJiYOCQW1mrRYqfgARDUaA==
  dependencies:
    "@babel/runtime" "^7.6.2"
    "@react-aria/focus" "^3.6.0"
    "@react-aria/i18n" "^3.4.0"
    "@react-aria/interactions" "^3.9.0"
    "@react-aria/label" "^3.3.0"
    "@react-aria/utils" "^3.13.0"
    "@react-stately/radio" "^3.4.0"
    "@react-types/radio" "^3.2.0"

"@react-aria/selection@^3.11.0", "@react-aria/selection@^3.9.0":
  version "3.11.0"
  resolved "https://registry.yarnpkg.com/@react-aria/selection/-/selection-3.11.0.tgz#5d3457e9ea2a5aae4f8abf799da92c723d04172d"
  integrity sha512-2Qcv0PxXqOrYYT1oL+TOaB+lE/jhIPzVEPHVmf8HYzEMP5WBYP8Q+R9no5s8x++b1W0DsbUVwmk9szY48O9Bmw==
  dependencies:
    "@babel/runtime" "^7.6.2"
    "@react-aria/focus" "^3.9.0"
    "@react-aria/i18n" "^3.6.1"
    "@react-aria/interactions" "^3.12.0"
    "@react-aria/utils" "^3.14.0"
    "@react-stately/collections" "^3.4.4"
    "@react-stately/selection" "^3.11.0"
    "@react-types/shared" "^3.15.0"

"@react-aria/ssr@3.2.0":
  version "3.2.0"
  resolved "https://registry.yarnpkg.com/@react-aria/ssr/-/ssr-3.2.0.tgz#88460384b43204f91c972d5b0de24ee44d6a2984"
  integrity sha512-wwJFdkl+Q8NU5yJ4NvdAOqx5LM3QtUVoSjuK7Ey8jZ4WS4bB0EqT3Kr3IInBs257HzZ5nXCiKXKE4NGXXuIRWA==
  dependencies:
    "@babel/runtime" "^7.6.2"

"@react-aria/ssr@^3.2.0", "@react-aria/ssr@^3.3.0":
  version "3.3.0"
  resolved "https://registry.yarnpkg.com/@react-aria/ssr/-/ssr-3.3.0.tgz#25e81daf0c7a270a4a891159d8d984578e4512d8"
  integrity sha512-yNqUDuOVZIUGP81R87BJVi/ZUZp/nYOBXbPsRe7oltJOfErQZD+UezMpw4vM2KRz18cURffvmC8tJ6JTeyDtaQ==
  dependencies:
    "@babel/runtime" "^7.6.2"

"@react-aria/table@3.3.0":
  version "3.3.0"
  resolved "https://registry.yarnpkg.com/@react-aria/table/-/table-3.3.0.tgz#48869c2fdbf63c5f04f2b4406c4f1b0f631b031f"
  integrity sha512-OYKO0qd/oWYhtbStGByyaRxvz3MSFY+8yIhp5ibr/3fBQw6PuCXAUMJGhhHj+boFVx0Qx+LUWtDk0LOPt5aA0w==
  dependencies:
    "@babel/runtime" "^7.6.2"
    "@react-aria/focus" "^3.6.0"
    "@react-aria/grid" "^3.3.0"
    "@react-aria/i18n" "^3.4.0"
    "@react-aria/interactions" "^3.9.0"
    "@react-aria/live-announcer" "^3.1.0"
    "@react-aria/selection" "^3.9.0"
    "@react-aria/utils" "^3.13.0"
    "@react-stately/table" "^3.2.0"
    "@react-stately/virtualizer" "^3.2.0"
    "@react-types/checkbox" "^3.3.0"
    "@react-types/grid" "^3.1.0"
    "@react-types/shared" "^3.13.0"
    "@react-types/table" "^3.2.0"

"@react-aria/toggle@^3.3.0":
  version "3.4.0"
  resolved "https://registry.yarnpkg.com/@react-aria/toggle/-/toggle-3.4.0.tgz#70f6a3be688130c31dad63dfb59b3027ccbebea6"
  integrity sha512-kQ/CuStB64QcQtT5Kovj4cJ234CotH5et77CP9ctsT37w5lc/t4iDWDTJxf2ju9atPeMh+efqsnRY34lhK2cBA==
  dependencies:
    "@babel/runtime" "^7.6.2"
    "@react-aria/focus" "^3.9.0"
    "@react-aria/interactions" "^3.12.0"
    "@react-aria/utils" "^3.14.0"
    "@react-stately/toggle" "^3.4.2"
    "@react-types/checkbox" "^3.4.0"
    "@react-types/shared" "^3.15.0"
    "@react-types/switch" "^3.2.4"

"@react-aria/utils@3.13.0":
  version "3.13.0"
  resolved "https://registry.yarnpkg.com/@react-aria/utils/-/utils-3.13.0.tgz#a9523a9d4b19839601753749b65e19ac0ad5ca86"
  integrity sha512-iF/yYkUVCc2Cgyu7o8oE6w7a67P/M8gXKDR2tp592Be6iUKQPy2kb49VvSh+Bom6Wq/To3h4UBOLFI6I0VXJYA==
  dependencies:
    "@babel/runtime" "^7.6.2"
    "@react-aria/ssr" "^3.2.0"
    "@react-stately/utils" "^3.5.0"
    "@react-types/shared" "^3.13.0"
    clsx "^1.1.1"

"@react-aria/utils@^3.13.0", "@react-aria/utils@^3.14.0":
  version "3.14.0"
  resolved "https://registry.yarnpkg.com/@react-aria/utils/-/utils-3.14.0.tgz#87877e89e959c8b6299da953ec3a7167de2192c3"
  integrity sha512-DHgmwNBNEhnb6DEYYAfbt99wprBqJJOBBeIpQ2g3+pxwlw4BZ+v4Qr+rDD0ZibWV0mYzt8zOhZ9StpId7iTF0Q==
  dependencies:
    "@babel/runtime" "^7.6.2"
    "@react-aria/ssr" "^3.3.0"
    "@react-stately/utils" "^3.5.1"
    "@react-types/shared" "^3.15.0"
    clsx "^1.1.1"

"@react-aria/visually-hidden@3.3.0":
  version "3.3.0"
  resolved "https://registry.yarnpkg.com/@react-aria/visually-hidden/-/visually-hidden-3.3.0.tgz#2ecddb5704b9a2a68df918bb49e6f125a589ef99"
  integrity sha512-pnm4CzO/pI/2xfDMY9OcnlLqYYpaE1bIAwDdFzkXr6ldcR+4kG6N0dJprL6x+ZMgXbztfxUDSPLmexVQShmFsQ==
  dependencies:
    "@babel/runtime" "^7.6.2"
    "@react-aria/interactions" "^3.9.0"
    "@react-aria/utils" "^3.13.0"
    clsx "^1.1.1"

"@react-aria/visually-hidden@^3.3.0", "@react-aria/visually-hidden@^3.5.0":
  version "3.5.0"
  resolved "https://registry.yarnpkg.com/@react-aria/visually-hidden/-/visually-hidden-3.5.0.tgz#aa8669545464cdb6a4b2ba47c9695d1405864a06"
  integrity sha512-tF/kCZCGv1yebwgH21cKbhjSV5CmB5/SAHOUM5YkO5V/lIFjaPtywcamIPI8F0JSfrwGF/Z9EqvqBxvIYGRlCA==
  dependencies:
    "@babel/runtime" "^7.6.2"
    "@react-aria/interactions" "^3.12.0"
    "@react-aria/utils" "^3.14.0"
    "@react-types/shared" "^3.15.0"
    clsx "^1.1.1"

"@react-stately/checkbox@3.1.0":
  version "3.1.0"
  resolved "https://registry.yarnpkg.com/@react-stately/checkbox/-/checkbox-3.1.0.tgz#637fc0119bd567f0955cb99f9ef88810b211ea61"
  integrity sha512-K4c2etj5DCNjvNFP7PaKZxKlRwX/DmpcJzhCQX29jmZJtLsrjsVhLrVNr59NleHbHVsOifF1GwbPlVUKbL5Y0w==
  dependencies:
    "@babel/runtime" "^7.6.2"
    "@react-stately/toggle" "^3.3.0"
    "@react-stately/utils" "^3.5.0"
    "@react-types/checkbox" "^3.3.0"

"@react-stately/checkbox@^3.1.0":
  version "3.3.0"
  resolved "https://registry.yarnpkg.com/@react-stately/checkbox/-/checkbox-3.3.0.tgz#31cb5dedbb10b9ab7358f79228f34d09e0f1bf5f"
  integrity sha512-hYFJzEoreAmUKkcgd3ErDXtEqp65pfawfcygOr/3pe7MUGzl+MaauVUOg6Dh02Bxt+mdSX4mQXbJSfvm+8bmfA==
  dependencies:
    "@babel/runtime" "^7.6.2"
    "@react-stately/toggle" "^3.4.2"
    "@react-stately/utils" "^3.5.1"
    "@react-types/checkbox" "^3.4.0"
    "@react-types/shared" "^3.15.0"

"@react-stately/collections@^3.4.0", "@react-stately/collections@^3.4.4":
  version "3.4.4"
  resolved "https://registry.yarnpkg.com/@react-stately/collections/-/collections-3.4.4.tgz#9df0b690bac0d3a95bc01352937ec74160c6bd29"
  integrity sha512-gryUYCe6uzqE0ea5frTwOxOPpx/6Z42PRk7KetOh3ddN3Ts0j8XQP08jP1IB/7BC1QidrkHWvDCqGHxRiEjiIg==
  dependencies:
    "@babel/runtime" "^7.6.2"
    "@react-types/shared" "^3.15.0"

"@react-stately/data@3.5.0":
  version "3.5.0"
  resolved "https://registry.yarnpkg.com/@react-stately/data/-/data-3.5.0.tgz#ff5ea799868c12f0202b95ea170db1bafcf6d2bd"
  integrity sha512-Ww/tYEg0pOY870DJ7wTSlyCJ44jlwtmRuFsd649wD8pNKrYqkExYMO/gK9mfhR5hwaaHsubKl+XgqEgqHCr97g==
  dependencies:
    "@babel/runtime" "^7.6.2"
    "@react-types/shared" "^3.13.0"

"@react-stately/grid@^3.2.0", "@react-stately/grid@^3.4.0":
  version "3.4.0"
  resolved "https://registry.yarnpkg.com/@react-stately/grid/-/grid-3.4.0.tgz#787553ffc91b37662b722a4813c47b1b7e55ed2f"
  integrity sha512-Y7UrmLUAv4wW70Mb9lueawd3KEnYgAS7yNSTJn/TTZpA+6Elx3DDdjXH5pG/JiG1ot740ixOkP8feEpr8qk4bg==
  dependencies:
    "@babel/runtime" "^7.6.2"
    "@react-stately/selection" "^3.11.0"
    "@react-types/grid" "^3.1.4"
    "@react-types/shared" "^3.15.0"

"@react-stately/menu@^3.3.0":
  version "3.4.2"
  resolved "https://registry.yarnpkg.com/@react-stately/menu/-/menu-3.4.2.tgz#5bb6847c9bf4a6140d561114b5f8709a4df12a51"
  integrity sha512-vFC8EloVEcqf6sgiP6ABIkC41ytjoJiGtj7Ws5OS7PvZNyxxDgJr4V0O3Pxd1T0AjlHCloBbojnvoTRwZiSr/A==
  dependencies:
    "@babel/runtime" "^7.6.2"
    "@react-stately/overlays" "^3.4.2"
    "@react-stately/utils" "^3.5.1"
    "@react-types/menu" "^3.7.2"
    "@react-types/shared" "^3.15.0"

"@react-stately/overlays@3.3.0":
  version "3.3.0"
  resolved "https://registry.yarnpkg.com/@react-stately/overlays/-/overlays-3.3.0.tgz#1775807fef9f49aedfca344c6db6cc89103638da"
  integrity sha512-x8ASMyhib7mL4ITgZQXUaTGGkFPZz4qPJVThdx9i6q1iu0CpO7hXpPxzrUFKPV+JV/fyXlWbo3n7tWBE2yHTVw==
  dependencies:
    "@babel/runtime" "^7.6.2"
    "@react-stately/utils" "^3.5.0"
    "@react-types/overlays" "^3.6.0"

"@react-stately/overlays@^3.3.0", "@react-stately/overlays@^3.4.2":
  version "3.4.2"
  resolved "https://registry.yarnpkg.com/@react-stately/overlays/-/overlays-3.4.2.tgz#c6df94a65551137075263eeef70beba8b90b52a0"
  integrity sha512-UTCnn0aT+JL4ZhYPQYUWHwhmuR2T3vKTFUEZeZN9sTuDCctg08VfGoASJx8qofqkLwYJXeb8D5PMhhTDPiUQPw==
  dependencies:
    "@babel/runtime" "^7.6.2"
    "@react-stately/utils" "^3.5.1"
    "@react-types/overlays" "^3.6.4"

"@react-stately/radio@3.4.0":
  version "3.4.0"
  resolved "https://registry.yarnpkg.com/@react-stately/radio/-/radio-3.4.0.tgz#978ec2dabcb06ca7266fcdbe771fe191ffd7f0e3"
  integrity sha512-rdZbMzhVjFkN1BjhK4qZ61wddnFdkRzTPIXqpFo+iMD9x8VEn3lmOkOLIHUs0OyyMP0E/0Aje+F2ZT6/zqq6PA==
  dependencies:
    "@babel/runtime" "^7.6.2"
    "@react-stately/utils" "^3.5.0"
    "@react-types/radio" "^3.2.0"

"@react-stately/radio@^3.4.0":
  version "3.6.0"
  resolved "https://registry.yarnpkg.com/@react-stately/radio/-/radio-3.6.0.tgz#85846c0d3bd906cddccfb897eb900a5fd527d962"
  integrity sha512-hzNwIapDSnbk5mCim/AgHQTtHRgy2QiW95okfVnGflzO7nnws8WH/s2Va4f7UupWObPv8XTqHADUEng86mVBJA==
  dependencies:
    "@babel/runtime" "^7.6.2"
    "@react-stately/utils" "^3.5.1"
    "@react-types/radio" "^3.3.0"
    "@react-types/shared" "^3.15.0"

"@react-stately/selection@^3.10.0", "@react-stately/selection@^3.11.0":
  version "3.11.0"
  resolved "https://registry.yarnpkg.com/@react-stately/selection/-/selection-3.11.0.tgz#50945d87dadd0d08505b37f1bb319d0c783d2037"
  integrity sha512-cBgDzH+AY+bMEROJbcZFdhbMk0vgiwyqBB8ZKLtCL7EOHs2xeynTAohRM+/t27U/tF91o4qHPFo67Tkxrd16Bg==
  dependencies:
    "@babel/runtime" "^7.6.2"
    "@react-stately/collections" "^3.4.4"
    "@react-stately/utils" "^3.5.1"
    "@react-types/shared" "^3.15.0"

"@react-stately/table@3.2.0":
  version "3.2.0"
  resolved "https://registry.yarnpkg.com/@react-stately/table/-/table-3.2.0.tgz#862ed28b1133e8766ef48bee9fc876ff279c7418"
  integrity sha512-W4MJITIxma6PCpRX1Z9vi6F35mJiwpM+g24yVG7VK6JD9Fbiw2nIPJf5ZYo11EI2PdIJlamv/xYqYtn2kmGlWw==
  dependencies:
    "@babel/runtime" "^7.6.2"
    "@react-aria/utils" "^3.13.0"
    "@react-stately/collections" "^3.4.0"
    "@react-stately/grid" "^3.2.0"
    "@react-stately/selection" "^3.10.0"
    "@react-types/grid" "^3.1.0"
    "@react-types/shared" "^3.13.0"
    "@react-types/table" "^3.2.0"

"@react-stately/table@^3.2.0":
  version "3.5.0"
  resolved "https://registry.yarnpkg.com/@react-stately/table/-/table-3.5.0.tgz#6c436be31c5de13ef6a179934296d85ed96dd21c"
  integrity sha512-C0HFfKMCOomqPtRCPs85AtoJGPnGu9mzFfwksFxAssdIatw3t66h5SJS0vSSql7Ku9h70scmvJR+nIOckx0IeA==
  dependencies:
    "@babel/runtime" "^7.6.2"
    "@react-stately/collections" "^3.4.4"
    "@react-stately/grid" "^3.4.0"
    "@react-stately/selection" "^3.11.0"
    "@react-types/grid" "^3.1.4"
    "@react-types/shared" "^3.15.0"
    "@react-types/table" "^3.3.2"

"@react-stately/toggle@3.3.0":
  version "3.3.0"
  resolved "https://registry.yarnpkg.com/@react-stately/toggle/-/toggle-3.3.0.tgz#9330d57f0d4ae9f2c32009851fdcde546fc2db73"
  integrity sha512-fiVT1yw9qBBWyfFviUwNR4AcdCnN7TPAX2VpuL7LO7zB1a+sOGiTz3nTnHI4837trvpsXHpCvYXTBMY6yxGEMg==
  dependencies:
    "@babel/runtime" "^7.6.2"
    "@react-stately/utils" "^3.5.0"
    "@react-types/checkbox" "^3.3.0"
    "@react-types/shared" "^3.13.0"

"@react-stately/toggle@^3.3.0", "@react-stately/toggle@^3.4.2":
  version "3.4.2"
  resolved "https://registry.yarnpkg.com/@react-stately/toggle/-/toggle-3.4.2.tgz#8c70922ad559d9ef32ecf3cc3d122a66eb858f0d"
  integrity sha512-+pO13Ap/tj4optu6VjQrEAaAoZvJAEwarMUaZvrkc0kdvMTNPdiT/2vhN32yvsSW0ssuFqToa3jMrTylCbpo8w==
  dependencies:
    "@babel/runtime" "^7.6.2"
    "@react-stately/utils" "^3.5.1"
    "@react-types/checkbox" "^3.4.0"
    "@react-types/shared" "^3.15.0"

"@react-stately/tree@3.3.0":
  version "3.3.0"
  resolved "https://registry.yarnpkg.com/@react-stately/tree/-/tree-3.3.0.tgz#478ba8e0625b7b975e81b0ba5dfd378202d04f56"
  integrity sha512-Ic3QMRlrLbbnYPEbiraJdDAcrOnaLd7nJK7qG/cq7Jg7gfruqbO4XFzy+2w7I5B2BbXqFCivtCgEQZIYsgMaSw==
  dependencies:
    "@babel/runtime" "^7.6.2"
    "@react-stately/collections" "^3.4.0"
    "@react-stately/selection" "^3.10.0"
    "@react-stately/utils" "^3.5.0"
    "@react-types/shared" "^3.13.0"

"@react-stately/tree@^3.3.0":
  version "3.3.4"
  resolved "https://registry.yarnpkg.com/@react-stately/tree/-/tree-3.3.4.tgz#2b71436dd7ed3bd42983f4fd29a9417f947876f9"
  integrity sha512-CBgXvwa9qYBsJuxrAiVgGnm48eSxLe/6OjPMwH1pWf4s383Mx73MbbN4fS0oWDeXBVgdqz5/Xg/p8nvPIvl3WQ==
  dependencies:
    "@babel/runtime" "^7.6.2"
    "@react-stately/collections" "^3.4.4"
    "@react-stately/selection" "^3.11.0"
    "@react-stately/utils" "^3.5.1"
    "@react-types/shared" "^3.15.0"

"@react-stately/utils@^3.5.0", "@react-stately/utils@^3.5.1":
  version "3.5.1"
  resolved "https://registry.yarnpkg.com/@react-stately/utils/-/utils-3.5.1.tgz#502de762e5d33e892347c5f58053674e06d3bc92"
  integrity sha512-INeQ5Er2Jm+db8Py4upKBtgfzp3UYgwXYmbU/XJn49Xw27ktuimH9e37qP3bgHaReb5L3g8IrGs38tJUpnGPHA==
  dependencies:
    "@babel/runtime" "^7.6.2"

"@react-stately/virtualizer@^3.2.0", "@react-stately/virtualizer@^3.3.1":
  version "3.3.1"
  resolved "https://registry.yarnpkg.com/@react-stately/virtualizer/-/virtualizer-3.3.1.tgz#1e41f4beeb879b4445b662c1a21d23dd18dbb5ef"
  integrity sha512-1bjvrLLto3TewJRfe4bCrRKYUAdE6lPB9fn3kQhpxbWb4KW1Xl7ar/waL7JDzpwxTBbwzbxCS6nL03YxSt5tIw==
  dependencies:
    "@babel/runtime" "^7.6.2"
    "@react-aria/utils" "^3.14.0"
    "@react-types/shared" "^3.15.0"

"@react-types/button@^3.5.0", "@react-types/button@^3.6.2":
  version "3.6.2"
  resolved "https://registry.yarnpkg.com/@react-types/button/-/button-3.6.2.tgz#72d617deb0f76bd01a570ef28306ac1482c58a67"
  integrity sha512-qgrYT6yiGVuZSPbzeDT6kTREQVxzJ9p5chV+JX7G5Rpjl2vyUDkEhZ5V/AHLKguBALgFaWJvjtwejHQ7FtycTw==
  dependencies:
    "@react-types/shared" "^3.15.0"

"@react-types/checkbox@3.3.0":
  version "3.3.0"
  resolved "https://registry.yarnpkg.com/@react-types/checkbox/-/checkbox-3.3.0.tgz#e2f7e9fc833a037452f0b2747eef18ca8d327fe0"
  integrity sha512-aAlorLrY9mTQ01hBSXP+p5dXVLmhwYwPu+lW8rJSosyaZFtaV6GdNHaYb/NioR5YjiMInableWvIxSuTurrMmA==
  dependencies:
    "@react-types/shared" "^3.13.0"

"@react-types/checkbox@^3.3.0", "@react-types/checkbox@^3.4.0":
  version "3.4.0"
  resolved "https://registry.yarnpkg.com/@react-types/checkbox/-/checkbox-3.4.0.tgz#f2d6acabdf953cf2f7b8b874dab9ac8ae1c020fa"
  integrity sha512-ZDqbtAYWWSGPjL4ydinaWHrD65Qft9yEGA6BCKQTxdJCgxiXxgGkA3pI7Sxwk+OulR+O0CYJ1JROExM9cSJyyQ==
  dependencies:
    "@react-types/shared" "^3.15.0"

"@react-types/dialog@^3.4.0":
  version "3.4.4"
  resolved "https://registry.yarnpkg.com/@react-types/dialog/-/dialog-3.4.4.tgz#48863c58e18d41de8a7e35cf2463a1ed44bd0135"
  integrity sha512-mBaoQn+2nd14j0WSTfqGMb8dfG6Nak4+S9HqbJeP6UjKfwnmF8aXQ/Z3EYPNcwwDB+fNYStPagxRdBeqJ1GK4g==
  dependencies:
    "@react-types/overlays" "^3.6.4"
    "@react-types/shared" "^3.15.0"

"@react-types/grid@3.1.0":
  version "3.1.0"
  resolved "https://registry.yarnpkg.com/@react-types/grid/-/grid-3.1.0.tgz#f8c60582a8119dfddbaf99ac65725b5645464fad"
  integrity sha512-cQNHz5qHw4GDSWTgu1hUXj7aXly/WmqUMIMnpwfqOt9UYFDH/9cIXvGfwUH+7wSVEdJQrkMYtHp1lpP8INWmew==
  dependencies:
    "@react-types/shared" "^3.13.0"

"@react-types/grid@^3.1.0", "@react-types/grid@^3.1.4":
  version "3.1.4"
  resolved "https://registry.yarnpkg.com/@react-types/grid/-/grid-3.1.4.tgz#2275b2f83716e4a0f8aab3e53c5cbc27734b7531"
  integrity sha512-i9f2VEnlex5BFV/AdSUGg71xoukn2i/XT2VLxUXUagy23gFxKJk9Xr3BT9bw+pRRLPwm/Ib+h9ELUdgi8lUAKA==
  dependencies:
    "@react-types/shared" "^3.15.0"

"@react-types/label@^3.6.0", "@react-types/label@^3.7.0":
  version "3.7.0"
  resolved "https://registry.yarnpkg.com/@react-types/label/-/label-3.7.0.tgz#ecdff8ea9e37cc6c3b8e8446d2d46095e36ca000"
  integrity sha512-33iQQ3aC34+yKECvSHJ8DDWwd32rm2TZhABX513DYwuCupIxs+BrgHvcfp2YLmz2Fh5UTMSfJXDA74Tbd0XwLg==
  dependencies:
    "@react-types/shared" "^3.15.0"

"@react-types/menu@3.6.0":
  version "3.6.0"
  resolved "https://registry.yarnpkg.com/@react-types/menu/-/menu-3.6.0.tgz#ddbdaf2d1f5b846411b1cf0370e39705e656d62f"
  integrity sha512-GO6GjM+WH+8nOC9c1sVBPE9dYC5vKGBCNA3YxleQq9T2unFB0NOZc8hbzbFcAdwn7NnQbV9eLc0XHpUEkL9NLA==
  dependencies:
    "@react-types/overlays" "^3.6.0"
    "@react-types/shared" "^3.13.0"

"@react-types/menu@^3.6.0", "@react-types/menu@^3.7.2":
  version "3.7.2"
  resolved "https://registry.yarnpkg.com/@react-types/menu/-/menu-3.7.2.tgz#04a0447f791a7ffa0a6c8dc160cbff3bbeeedefd"
  integrity sha512-BXMWrT3VCP6NTf0y7v1YYqRJNXkUKLzGXI+n7Qv9+aiZZfd3NNMyk20byHczhFoT2yuCcU5xhyOXzkxSo6ew3A==
  dependencies:
    "@react-types/overlays" "^3.6.4"
    "@react-types/shared" "^3.15.0"

"@react-types/overlays@3.6.0":
  version "3.6.0"
  resolved "https://registry.yarnpkg.com/@react-types/overlays/-/overlays-3.6.0.tgz#2aed36e3cbdf6eab355dec094ea4934b9f559945"
  integrity sha512-atoRgctzNHxWE4qhI2YLI/0Y9bicsib3EnaliV0jUQf2oJMr0S8yKVwwx+K0ENh9Ah00XBEFQxkjgP1q3xQQYw==
  dependencies:
    "@react-types/shared" "^3.13.0"

"@react-types/overlays@^3.6.0", "@react-types/overlays@^3.6.4":
  version "3.6.4"
  resolved "https://registry.yarnpkg.com/@react-types/overlays/-/overlays-3.6.4.tgz#4ae4d7b3b38c45d122b0ca2dc88a57f08e89fd0e"
  integrity sha512-REC4IyDUHS5WhwxMxcvTo+LdrvlSYpJKjyYkPFtJoDBpM3gmXfakTY3KW6K5eZkFv3TnmXjDF9Q2yboEk2u6WQ==
  dependencies:
    "@react-types/shared" "^3.15.0"

"@react-types/radio@^3.2.0", "@react-types/radio@^3.3.0":
  version "3.3.0"
  resolved "https://registry.yarnpkg.com/@react-types/radio/-/radio-3.3.0.tgz#618f836c87d07b0828a660c0565b5149c049039c"
  integrity sha512-aF4OpGjd9/xuRnDSDJnmwzLvvOENUWSHQc//wp8rViCWf1uinY4wHI/J3uEhodhsUPAKmrqvUagphRoyXWZA8A==
  dependencies:
    "@react-types/shared" "^3.15.0"

"@react-types/shared@3.13.0":
  version "3.13.0"
  resolved "https://registry.yarnpkg.com/@react-types/shared/-/shared-3.13.0.tgz#01ef4312886ed8d449065f44168e2bfd3134acb7"
  integrity sha512-ha+Xzn6gG/aww2nl7A6kYSJdYQypTxdYgNrJvddDB7h0QuyVQTf27iVleOWrmkHQ1TM9Q/FUbMdJ93CgdtP26g==

"@react-types/shared@^3.13.0", "@react-types/shared@^3.15.0":
  version "3.15.0"
  resolved "https://registry.yarnpkg.com/@react-types/shared/-/shared-3.15.0.tgz#a4a78f36bc8daaefe6e9a9df1f453271639c2233"
  integrity sha512-hwuE4BmgswqP+HRDSLMj7DcnYOCCK+ZRuKnc9AVhXS4LBrwRSkdUkNvXhgvqF5tav7IqTpG9pBYMR9wedehuhA==

"@react-types/switch@^3.2.4":
  version "3.2.4"
  resolved "https://registry.yarnpkg.com/@react-types/switch/-/switch-3.2.4.tgz#6853793032da50415be1abbac1374fca08ea5e44"
  integrity sha512-LFrt8fbEu2QXoZ9FLYLmorCMTrQ3WmvkKpRYaMSj81COxXwIHbByZlH/nzL278fU40GkZGXz2f6ffEYeuc9Vcg==
  dependencies:
    "@react-types/checkbox" "^3.4.0"
    "@react-types/shared" "^3.15.0"

"@react-types/table@^3.2.0", "@react-types/table@^3.3.2":
  version "3.3.2"
  resolved "https://registry.yarnpkg.com/@react-types/table/-/table-3.3.2.tgz#58491920d76d5436bad0193f269743b842b115c5"
  integrity sha512-BIYehWSfvPRkneKKKB7YEWD4wZAVVLBf2N0M2jjsVdshK9ZpjQPgOMI6YKjiWGC/ZLZFrAysKRploaIw4Cb+TQ==
  dependencies:
    "@react-types/grid" "^3.1.4"
    "@react-types/shared" "^3.15.0"

"@stitches/react@1.2.8":
  version "1.2.8"
  resolved "https://registry.yarnpkg.com/@stitches/react/-/react-1.2.8.tgz#954f8008be8d9c65c4e58efa0937f32388ce3a38"
  integrity sha512-9g9dWI4gsSVe8bNLlb+lMkBYsnIKCZTmvqvDG+Avnn69XfmHZKiaMrx7cgTaddq7aTPPmXiTsbFcUy0xgI4+wA==

"@swc/helpers@0.4.11":
  version "0.4.11"
  resolved "https://registry.yarnpkg.com/@swc/helpers/-/helpers-0.4.11.tgz#db23a376761b3d31c26502122f349a21b592c8de"
  integrity sha512-rEUrBSGIoSFuYxwBYtlUFMlE2CwGhmW+w9355/5oduSw8e5h2+Tj4UrAGNNgP9915++wj5vkQo0UuOBqOAq4nw==
  dependencies:
    tslib "^2.4.0"

"@types/node@18.0.3":
  version "18.0.3"
  resolved "https://registry.yarnpkg.com/@types/node/-/node-18.0.3.tgz#463fc47f13ec0688a33aec75d078a0541a447199"
  integrity sha512-HzNRZtp4eepNitP+BD6k2L6DROIDG4Q0fm4x+dwfsr6LGmROENnok75VGw40628xf+iR24WeMFcHuuBDUAzzsQ==

"@types/prop-types@*":
  version "15.7.5"
  resolved "https://registry.yarnpkg.com/@types/prop-types/-/prop-types-15.7.5.tgz#5f19d2b85a98e9558036f6a3cacc8819420f05cf"
  integrity sha512-JCB8C6SnDoQf0cNycqd/35A7MjcnK+ZTqE7judS6o7utxUCg6imJg3QK2qzHKszlTjcj2cn+NwMB2i96ubpj7w==

"@types/react-dom@18.0.6":
  version "18.0.6"
  resolved "https://registry.yarnpkg.com/@types/react-dom/-/react-dom-18.0.6.tgz#36652900024842b74607a17786b6662dd1e103a1"
  integrity sha512-/5OFZgfIPSwy+YuIBP/FgJnQnsxhZhjjrnxudMddeblOouIodEQ75X14Rr4wGSG/bknL+Omy9iWlLo1u/9GzAA==
  dependencies:
    "@types/react" "*"

"@types/react@*":
  version "18.0.25"
  resolved "https://registry.yarnpkg.com/@types/react/-/react-18.0.25.tgz#8b1dcd7e56fe7315535a4af25435e0bb55c8ae44"
  integrity sha512-xD6c0KDT4m7n9uD4ZHi02lzskaiqcBxf4zi+tXZY98a04wvc0hi/TcCPC2FOESZi51Nd7tlUeOJY8RofL799/g==
  dependencies:
    "@types/prop-types" "*"
    "@types/scheduler" "*"
    csstype "^3.0.2"

"@types/react@18.0.15":
  version "18.0.15"
  resolved "https://registry.yarnpkg.com/@types/react/-/react-18.0.15.tgz#d355644c26832dc27f3e6cbf0c4f4603fc4ab7fe"
  integrity sha512-iz3BtLuIYH1uWdsv6wXYdhozhqj20oD4/Hk2DNXIn1kFsmp9x8d9QB6FnPhfkbhd2PgEONt9Q1x/ebkwjfFLow==
  dependencies:
    "@types/prop-types" "*"
    "@types/scheduler" "*"
    csstype "^3.0.2"

"@types/scheduler@*":
  version "0.16.2"
  resolved "https://registry.yarnpkg.com/@types/scheduler/-/scheduler-0.16.2.tgz#1a62f89525723dde24ba1b01b092bf5df8ad4d39"
  integrity sha512-hppQEBDmlwhFAXKJX2KnWLYu5yMfi91yazPb2l+lbJiwW+wdo1gNeRA+3RgNSO39WYX2euey41KEwnqesU2Jew==

caniuse-lite@^1.0.30001406:
  version "1.0.30001431"
  resolved "https://registry.yarnpkg.com/caniuse-lite/-/caniuse-lite-1.0.30001431.tgz#e7c59bd1bc518fae03a4656be442ce6c4887a795"
  integrity sha512-zBUoFU0ZcxpvSt9IU66dXVT/3ctO1cy4y9cscs1szkPlcWb6pasYM144GqrUygUbT+k7cmUCW61cvskjcv0enQ==

client-only@0.0.1:
  version "0.0.1"
  resolved "https://registry.yarnpkg.com/client-only/-/client-only-0.0.1.tgz#38bba5d403c41ab150bff64a95c85013cf73bca1"
  integrity sha512-IV3Ou0jSMzZrd3pZ48nLkT9DA7Ag1pnPzaiQhpW7c3RbcqqzvzzVu+L8gfqMp/8IM2MQtSiqaCxrrcfu8I8rMA==

clsx@^1.1.1:
  version "1.2.1"
  resolved "https://registry.yarnpkg.com/clsx/-/clsx-1.2.1.tgz#0ddc4a20a549b59c93a4116bb26f5294ca17dc12"
  integrity sha512-EcR6r5a8bj6pu3ycsa/E/cKVGuTgZJZdsyUYHOksG/UHIiKfjxzRxYJpyVBwYaQeOvghal9fcc4PidlgzugAQg==

csstype@^3.0.2:
  version "3.1.1"
  resolved "https://registry.yarnpkg.com/csstype/-/csstype-3.1.1.tgz#841b532c45c758ee546a11d5bd7b7b473c8c30b9"
  integrity sha512-DJR/VvkAvSZW9bTouZue2sSxDwdTN92uHjqeKVm+0dAqdfNykRzQ95tay8aXMBAAPpUiq4Qcug2L7neoRh2Egw==

dom-helpers@^5.0.1, dom-helpers@^5.2.1:
  version "5.2.1"
  resolved "https://registry.yarnpkg.com/dom-helpers/-/dom-helpers-5.2.1.tgz#d9400536b2bf8225ad98fe052e029451ac40e902"
  integrity sha512-nRCa7CK3VTrM2NmGkIy4cbK7IZlgBE/PYMn55rrXefr5xXDP0LdtfPnblFDoVdcAfslJ7or6iqAUnx0CCGIWQA==
  dependencies:
    "@babel/runtime" "^7.8.7"
    csstype "^3.0.2"

intl-messageformat@^10.1.0:
  version "10.2.1"
  resolved "https://registry.yarnpkg.com/intl-messageformat/-/intl-messageformat-10.2.1.tgz#2f5626db773c82f3038d355f56ac4736ceef362b"
  integrity sha512-1lrJG2qKzcC1TVzYu1VuB1yiY68LU5rwpbHa2THCzA67Vutkz7+1lv5U20K3Lz5RAiH78zxNztMEtchokMWv8A==
  dependencies:
    "@formatjs/ecma402-abstract" "1.13.0"
    "@formatjs/fast-memoize" "1.2.6"
    "@formatjs/icu-messageformat-parser" "2.1.10"
    tslib "2.4.0"

"js-tokens@^3.0.0 || ^4.0.0":
  version "4.0.0"
  resolved "https://registry.yarnpkg.com/js-tokens/-/js-tokens-4.0.0.tgz#19203fb59991df98e3a287050d4647cdeaf32499"
  integrity sha512-RdJUflcE3cUzKiMqQgsCu06FPu9UdIJO0beYbPhHN4k6apgJtifcoCtT9bcxOpYBtpD2kCM6Sbzg4CausW/PKQ==

loose-envify@^1.1.0, loose-envify@^1.4.0:
  version "1.4.0"
  resolved "https://registry.yarnpkg.com/loose-envify/-/loose-envify-1.4.0.tgz#71ee51fa7be4caec1a63839f7e682d8132d30caf"
  integrity sha512-lyuxPGr/Wfhrlem2CL/UcnUc1zcqKAImBDzukY7Y5F/yQiNdko6+fRLevlw1HgMySw7f611UIY408EtxRSoK3Q==
  dependencies:
    js-tokens "^3.0.0 || ^4.0.0"

nanoid@^3.3.4:
  version "3.3.4"
  resolved "https://registry.yarnpkg.com/nanoid/-/nanoid-3.3.4.tgz#730b67e3cd09e2deacf03c027c81c9d9dbc5e8ab"
  integrity sha512-MqBkQh/OHTS2egovRtLk45wEyNXwF+cokD+1YPf9u5VfJiRdAiRwB2froX5Co9Rh20xs4siNPm8naNotSD6RBw==

next@latest:
  version "13.0.2"
  resolved "https://registry.yarnpkg.com/next/-/next-13.0.2.tgz#b8c8642c70f736ed91105645391d335fc51c8f62"
  integrity sha512-uQ5z5e4D9mOe8+upy6bQdYYjo/kk1v3jMW87kTy2TgAyAsEO+CkwRnMgyZ4JoHEnhPZLHwh7dk0XymRNLe1gFw==
  dependencies:
    "@next/env" "13.0.2"
    "@swc/helpers" "0.4.11"
    caniuse-lite "^1.0.30001406"
    postcss "8.4.14"
    styled-jsx "5.1.0"
    use-sync-external-store "1.2.0"
  optionalDependencies:
    "@next/swc-android-arm-eabi" "13.0.2"
    "@next/swc-android-arm64" "13.0.2"
    "@next/swc-darwin-arm64" "13.0.2"
    "@next/swc-darwin-x64" "13.0.2"
    "@next/swc-freebsd-x64" "13.0.2"
    "@next/swc-linux-arm-gnueabihf" "13.0.2"
    "@next/swc-linux-arm64-gnu" "13.0.2"
    "@next/swc-linux-arm64-musl" "13.0.2"
    "@next/swc-linux-x64-gnu" "13.0.2"
    "@next/swc-linux-x64-musl" "13.0.2"
    "@next/swc-win32-arm64-msvc" "13.0.2"
    "@next/swc-win32-ia32-msvc" "13.0.2"
    "@next/swc-win32-x64-msvc" "13.0.2"

object-assign@^4.1.1:
  version "4.1.1"
  resolved "https://registry.yarnpkg.com/object-assign/-/object-assign-4.1.1.tgz#2109adc7965887cfc05cbbd442cac8bfbb360863"
  integrity sha512-rJgTQnkUnH1sFw8yT6VSU3zD3sWmu6sZhIseY8VX+GRu3P6F7Fu+JNDoXfklElbLJSnc3FUQHVe4cU5hj+BcUg==

picocolors@^1.0.0:
  version "1.0.0"
  resolved "https://registry.yarnpkg.com/picocolors/-/picocolors-1.0.0.tgz#cb5bdc74ff3f51892236eaf79d68bc44564ab81c"
  integrity sha512-1fygroTLlHu66zi26VoTDv8yRgm0Fccecssto+MhsZ0D/DGW2sm8E8AjW7NU5VVTRt5GxbeZ5qBuJr+HyLYkjQ==

postcss@8.4.14:
  version "8.4.14"
  resolved "https://registry.yarnpkg.com/postcss/-/postcss-8.4.14.tgz#ee9274d5622b4858c1007a74d76e42e56fd21caf"
  integrity sha512-E398TUmfAYFPBSdzgeieK2Y1+1cpdxJx8yXbK/m57nRhKSmk1GB2tO4lbLBtlkfPQTDKfe4Xqv1ASWPpayPEig==
  dependencies:
    nanoid "^3.3.4"
    picocolors "^1.0.0"
    source-map-js "^1.0.2"

prop-types@^15.6.2:
  version "15.8.1"
  resolved "https://registry.yarnpkg.com/prop-types/-/prop-types-15.8.1.tgz#67d87bf1a694f48435cf332c24af10214a3140b5"
  integrity sha512-oj87CgZICdulUohogVAR7AjlC0327U4el4L6eAvOqCeudMDVU0NThNaV+b9Df4dXgSP1gXMTnPdhfe/2qDH5cg==
  dependencies:
    loose-envify "^1.4.0"
    object-assign "^4.1.1"
    react-is "^16.13.1"

react-dom@18.2.0:
  version "18.2.0"
  resolved "https://registry.yarnpkg.com/react-dom/-/react-dom-18.2.0.tgz#22aaf38708db2674ed9ada224ca4aa708d821e3d"
  integrity sha512-6IMTriUmvsjHUjNtEDudZfuDQUoWXVxKHhlEGSk81n4YFS+r/Kl99wXiwlVXtPBtJenozv2P+hxDsw9eA7Xo6g==
  dependencies:
    loose-envify "^1.1.0"
    scheduler "^0.23.0"

react-is@^16.13.1:
  version "16.13.1"
  resolved "https://registry.yarnpkg.com/react-is/-/react-is-16.13.1.tgz#789729a4dc36de2999dc156dd6c1d9c18cea56a4"
  integrity sha512-24e6ynE2H+OKt4kqsOvNd8kBpV65zoxbA4BVsEOB3ARVWQki/DHzaUoC5KuON/BiccDaCCTZBuOcfZs70kR8bQ==

react-transition-group@^4.4.2:
  version "4.4.5"
  resolved "https://registry.yarnpkg.com/react-transition-group/-/react-transition-group-4.4.5.tgz#e53d4e3f3344da8521489fbef8f2581d42becdd1"
  integrity sha512-pZcd1MCJoiKiBR2NRxeCRg13uCXbydPnmB4EOeRrY7480qNWO8IIgQG6zlDkm6uRMsURXPuKq0GWtiM59a5Q6g==
  dependencies:
    "@babel/runtime" "^7.5.5"
    dom-helpers "^5.0.1"
    loose-envify "^1.4.0"
    prop-types "^15.6.2"

react@18.2.0:
  version "18.2.0"
  resolved "https://registry.yarnpkg.com/react/-/react-18.2.0.tgz#555bd98592883255fa00de14f1151a917b5d77d5"
  integrity sha512-/3IjMdb2L9QbBdWiW5e3P2/npwMBaU9mHCSCUzNln0ZCYbcfTsGbTJrU/kGemdH2IWmB2ioZ+zkxtmq6g09fGQ==
  dependencies:
    loose-envify "^1.1.0"

regenerator-runtime@^0.13.10, regenerator-runtime@^0.13.4:
  version "0.13.10"
  resolved "https://registry.yarnpkg.com/regenerator-runtime/-/regenerator-runtime-0.13.10.tgz#ed07b19616bcbec5da6274ebc75ae95634bfc2ee"
  integrity sha512-KepLsg4dU12hryUO7bp/axHAKvwGOCV0sGloQtpagJ12ai+ojVDqkeGSiRX1zlq+kjIMZ1t7gpze+26QqtdGqw==

scheduler@^0.23.0:
  version "0.23.0"
  resolved "https://registry.yarnpkg.com/scheduler/-/scheduler-0.23.0.tgz#ba8041afc3d30eb206a487b6b384002e4e61fdfe"
  integrity sha512-CtuThmgHNg7zIZWAXi3AsyIzA3n4xx7aNyjwC2VJldO2LMVDhFK+63xGqq6CsJH4rTAt6/M+N4GhZiDYPx9eUw==
  dependencies:
    loose-envify "^1.1.0"

source-map-js@^1.0.2:
  version "1.0.2"
  resolved "https://registry.yarnpkg.com/source-map-js/-/source-map-js-1.0.2.tgz#adbc361d9c62df380125e7f161f71c826f1e490c"
  integrity sha512-R0XvVJ9WusLiqTCEiGCmICCMplcCkIwwR11mOSD9CR5u+IXYdiseeEuXCVAjS54zqwkLcPNnmU4OeJ6tUrWhDw==

styled-jsx@5.1.0:
  version "5.1.0"
  resolved "https://registry.yarnpkg.com/styled-jsx/-/styled-jsx-5.1.0.tgz#4a5622ab9714bd3fcfaeec292aa555871f057563"
  integrity sha512-/iHaRJt9U7T+5tp6TRelLnqBqiaIT0HsO0+vgyj8hK2KUk7aejFqRrumqPUlAqDwAj8IbS/1hk3IhBAAK/FCUQ==
  dependencies:
    client-only "0.0.1"

tslib@2.4.0:
  version "2.4.0"
  resolved "https://registry.yarnpkg.com/tslib/-/tslib-2.4.0.tgz#7cecaa7f073ce680a05847aa77be941098f36dc3"
  integrity sha512-d6xOpEDfsi2CZVlPQzGeux8XMwLT9hssAsaPYExaQMuYskwb+x1x7J371tWlbBdWHroy99KnVB6qIkUbs5X3UQ==

tslib@^2.4.0:
  version "2.4.1"
  resolved "https://registry.yarnpkg.com/tslib/-/tslib-2.4.1.tgz#0d0bfbaac2880b91e22df0768e55be9753a5b17e"
  integrity sha512-tGyy4dAjRIEwI7BzsB0lynWgOpfqjUdq91XXAlIWD2OwKBH7oCl/GZG/HT4BOHrTlPMOASlMQ7veyTqpmRcrNA==

typescript@4.7.4:
  version "4.7.4"
  resolved "https://registry.yarnpkg.com/typescript/-/typescript-4.7.4.tgz#1a88596d1cf47d59507a1bcdfb5b9dfe4d488235"
  integrity sha512-C0WQT0gezHuw6AdY1M2jxUO83Rjf0HP7Sk1DtXj6j1EwkQNZrHAg2XPWlq62oqEhYvONq5pkC2Y9oPljWToLmQ==

use-sync-external-store@1.2.0:
  version "1.2.0"
  resolved "https://registry.yarnpkg.com/use-sync-external-store/-/use-sync-external-store-1.2.0.tgz#7dbefd6ef3fe4e767a0cf5d7287aacfb5846928a"
  integrity sha512-eEgnFxGQ1Ife9bzYs6VLi8/4X6CObHMw9Qr9tPY43iKwsPw8xE8+EFsf/2cFZ5S3esXgpWgtSCtLNS41F+sKPA==
